
Microsoft Visual Studio Solution File, Format Version 12.00
# Visual Studio 15
VisualStudioVersion = 15.0.28307.489
MinimumVisualStudioVersion = 10.0.40219.1
Project("{FAE04EC0-301F-11D3-BF4B-00C04F79EFBC}") = "KOService.WebAPI", "KOService.WebAPI\KOService.WebAPI.csproj", "{96190D56-431A-4F5A-AEBD-A36AE6F0B3B5}"
EndProject
Project("{FAE04EC0-301F-11D3-BF4B-00C04F79EFBC}") = "KOService.Domain", "KOService.Application\KOService.Domain.csproj", "{5841D02E-A22A-4D9B-9EC0-7A0C1B18B87D}"
EndProject
Project("{FAE04EC0-301F-11D3-BF4B-00C04F79EFBC}") = "KOService.Application", "KOService.Domain\KOService.Application.csproj", "{AA933E6A-5FA1-476C-82F3-91A9090C933A}"
EndProject
Global
	GlobalSection(SolutionConfigurationPlatforms) = preSolution
		Debug|Any CPU = Debug|Any CPU
		Release|Any CPU = Release|Any CPU
	EndGlobalSection
	GlobalSection(ProjectConfigurationPlatforms) = postSolution
		{96190D56-431A-4F5A-AEBD-A36AE6F0B3B5}.Debug|Any CPU.ActiveCfg = Debug|Any CPU
		{96190D56-431A-4F5A-AEBD-A36AE6F0B3B5}.Debug|Any CPU.Build.0 = Debug|Any CPU
		{96190D56-431A-4F5A-AEBD-A36AE6F0B3B5}.Release|Any CPU.ActiveCfg = Release|Any CPU
		{96190D56-431A-4F5A-AEBD-A36AE6F0B3B5}.Release|Any CPU.Build.0 = Release|Any CPU
		{5841D02E-A22A-4D9B-9EC0-7A0C1B18B87D}.Debug|Any CPU.ActiveCfg = Debug|Any CPU
		{5841D02E-A22A-4D9B-9EC0-7A0C1B18B87D}.Debug|Any CPU.Build.0 = Debug|Any CPU
		{5841D02E-A22A-4D9B-9EC0-7A0C1B18B87D}.Release|Any CPU.ActiveCfg = Release|Any CPU
		{5841D02E-A22A-4D9B-9EC0-7A0C1B18B87D}.Release|Any CPU.Build.0 = Release|Any CPU
		{AA933E6A-5FA1-476C-82F3-91A9090C933A}.Debug|Any CPU.ActiveCfg = Debug|Any CPU
		{AA933E6A-5FA1-476C-82F3-91A9090C933A}.Debug|Any CPU.Build.0 = Debug|Any CPU
		{AA933E6A-5FA1-476C-82F3-91A9090C933A}.Release|Any CPU.ActiveCfg = Release|Any CPU
		{AA933E6A-5FA1-476C-82F3-91A9090C933A}.Release|Any CPU.Build.0 = Release|Any CPU
	EndGlobalSection
	GlobalSection(SolutionProperties) = preSolution
		HideSolutionNode = FALSE
	EndGlobalSection
	GlobalSection(ExtensibilityGlobals) = postSolution
		SolutionGuid = {8338B5DF-DE03-46B6-84E4-592FB8F8E123}
	EndGlobalSection
EndGlobal
