
Microsoft Visual Studio Solution File, Format Version 12.00
# Visual Studio 15
VisualStudioVersion = 15.0.28307.489
MinimumVisualStudioVersion = 10.0.40219.1
Project("{9A19103F-16F7-4668-BE54-9A1E7A4F7556}") = "KOService.WebAPI", "KOService.WebAPI\KOService.WebAPI.csproj", "{96190D56-431A-4F5A-AEBD-A36AE6F0B3B5}"
EndProject
Project("{9A19103F-16F7-4668-BE54-9A1E7A4F7556}") = "KOService.Domain", "KOService.Domain\KOService.Domain.csproj", "{9FE54519-763E-470D-9530-CD2D5CC73F44}"
EndProject
Project("{9A19103F-16F7-4668-BE54-9A1E7A4F7556}") = "KOService.Application", "KOService.Application\KOService.Application.csproj", "{9DFCD621-29A1-4236-9F7B-BADDBB617F0D}"
EndProject
Project("{FAE04EC0-301F-11D3-BF4B-00C04F79EFBC}") = "KOService.Tests", "KOService.Tests\KOService.Tests.csproj", "{B8B8FE2B-FFB6-47BE-B313-1D95ABFC0EEF}"
EndProject
Global
	GlobalSection(SolutionConfigurationPlatforms) = preSolution
		Debug|Any CPU = Debug|Any CPU
		Release|Any CPU = Release|Any CPU
	EndGlobalSection
	GlobalSection(ProjectConfigurationPlatforms) = postSolution
		{96190D56-431A-4F5A-AEBD-A36AE6F0B3B5}.Debug|Any CPU.ActiveCfg = Debug|Any CPU
		{96190D56-431A-4F5A-AEBD-A36AE6F0B3B5}.Debug|Any CPU.Build.0 = Debug|Any CPU
		{96190D56-431A-4F5A-AEBD-A36AE6F0B3B5}.Release|Any CPU.ActiveCfg = Release|Any CPU
		{96190D56-431A-4F5A-AEBD-A36AE6F0B3B5}.Release|Any CPU.Build.0 = Release|Any CPU
		{9FE54519-763E-470D-9530-CD2D5CC73F44}.Debug|Any CPU.ActiveCfg = Debug|Any CPU
		{9FE54519-763E-470D-9530-CD2D5CC73F44}.Debug|Any CPU.Build.0 = Debug|Any CPU
		{9FE54519-763E-470D-9530-CD2D5CC73F44}.Release|Any CPU.ActiveCfg = Release|Any CPU
		{9FE54519-763E-470D-9530-CD2D5CC73F44}.Release|Any CPU.Build.0 = Release|Any CPU
		{9DFCD621-29A1-4236-9F7B-BADDBB617F0D}.Debug|Any CPU.ActiveCfg = Debug|Any CPU
		{9DFCD621-29A1-4236-9F7B-BADDBB617F0D}.Debug|Any CPU.Build.0 = Debug|Any CPU
		{9DFCD621-29A1-4236-9F7B-BADDBB617F0D}.Release|Any CPU.ActiveCfg = Release|Any CPU
		{9DFCD621-29A1-4236-9F7B-BADDBB617F0D}.Release|Any CPU.Build.0 = Release|Any CPU
		{B8B8FE2B-FFB6-47BE-B313-1D95ABFC0EEF}.Debug|Any CPU.ActiveCfg = Debug|Any CPU
		{B8B8FE2B-FFB6-47BE-B313-1D95ABFC0EEF}.Debug|Any CPU.Build.0 = Debug|Any CPU
		{B8B8FE2B-FFB6-47BE-B313-1D95ABFC0EEF}.Release|Any CPU.ActiveCfg = Release|Any CPU
		{B8B8FE2B-FFB6-47BE-B313-1D95ABFC0EEF}.Release|Any CPU.Build.0 = Release|Any CPU
	EndGlobalSection
	GlobalSection(SolutionProperties) = preSolution
		HideSolutionNode = FALSE
	EndGlobalSection
	GlobalSection(ExtensibilityGlobals) = postSolution
		SolutionGuid = {8338B5DF-DE03-46B6-84E4-592FB8F8E123}
	EndGlobalSection
EndGlobal
